{
  "name": "advent2020",
  "version": "1.0.0",
  "lockfileVersion": 1,
  "requires": true,
  "dependencies": {
    "readfile": {
      "version": "1.0.1",
      "resolved": "https://registry.npmjs.org/readfile/-/readfile-1.0.1.tgz",
      "integrity": "sha1-Xlw2dpCzH7MxhFKWA2OVnAMjekg="
    }
  }
}
